
Microsoft Visual Studio Solution File, Format Version 12.00
# Visual Studio 2012
Project("{FAE04EC0-301F-11D3-BF4B-00C04F79EFBC}") = "eCampus", "eCampus\eCampus.csproj", "{7DD5E0EC-675F-4274-8ADA-6E577DADD2F5}"
EndProject
Project("{FAE04EC0-301F-11D3-BF4B-00C04F79EFBC}") = "eCampus.Core", "eCampus.Core\eCampus.Core.csproj", "{3613E153-0D61-4FF5-8E4F-5C3809572E20}"
EndProject
Global
	GlobalSection(SolutionConfigurationPlatforms) = preSolution
		Debug|Any CPU = Debug|Any CPU
		Debug|ARM = Debug|ARM
		Debug|x86 = Debug|x86
		Release|Any CPU = Release|Any CPU
		Release|ARM = Release|ARM
		Release|x86 = Release|x86
	EndGlobalSection
	GlobalSection(ProjectConfigurationPlatforms) = postSolution
		{7DD5E0EC-675F-4274-8ADA-6E577DADD2F5}.Debug|Any CPU.ActiveCfg = Debug|Any CPU
		{7DD5E0EC-675F-4274-8ADA-6E577DADD2F5}.Debug|Any CPU.Build.0 = Debug|Any CPU
		{7DD5E0EC-675F-4274-8ADA-6E577DADD2F5}.Debug|Any CPU.Deploy.0 = Debug|Any CPU
		{7DD5E0EC-675F-4274-8ADA-6E577DADD2F5}.Debug|ARM.ActiveCfg = Debug|ARM
		{7DD5E0EC-675F-4274-8ADA-6E577DADD2F5}.Debug|ARM.Build.0 = Debug|ARM
		{7DD5E0EC-675F-4274-8ADA-6E577DADD2F5}.Debug|ARM.Deploy.0 = Debug|ARM
		{7DD5E0EC-675F-4274-8ADA-6E577DADD2F5}.Debug|x86.ActiveCfg = Debug|x86
		{7DD5E0EC-675F-4274-8ADA-6E577DADD2F5}.Debug|x86.Build.0 = Debug|x86
		{7DD5E0EC-675F-4274-8ADA-6E577DADD2F5}.Debug|x86.Deploy.0 = Debug|x86
		{7DD5E0EC-675F-4274-8ADA-6E577DADD2F5}.Release|Any CPU.ActiveCfg = Release|Any CPU
		{7DD5E0EC-675F-4274-8ADA-6E577DADD2F5}.Release|Any CPU.Build.0 = Release|Any CPU
		{7DD5E0EC-675F-4274-8ADA-6E577DADD2F5}.Release|Any CPU.Deploy.0 = Release|Any CPU
		{7DD5E0EC-675F-4274-8ADA-6E577DADD2F5}.Release|ARM.ActiveCfg = Release|ARM
		{7DD5E0EC-675F-4274-8ADA-6E577DADD2F5}.Release|ARM.Build.0 = Release|ARM
		{7DD5E0EC-675F-4274-8ADA-6E577DADD2F5}.Release|ARM.Deploy.0 = Release|ARM
		{7DD5E0EC-675F-4274-8ADA-6E577DADD2F5}.Release|x86.ActiveCfg = Release|x86
		{7DD5E0EC-675F-4274-8ADA-6E577DADD2F5}.Release|x86.Build.0 = Release|x86
		{7DD5E0EC-675F-4274-8ADA-6E577DADD2F5}.Release|x86.Deploy.0 = Release|x86
		{3613E153-0D61-4FF5-8E4F-5C3809572E20}.Debug|Any CPU.ActiveCfg = Debug|Any CPU
		{3613E153-0D61-4FF5-8E4F-5C3809572E20}.Debug|Any CPU.Build.0 = Debug|Any CPU
		{3613E153-0D61-4FF5-8E4F-5C3809572E20}.Debug|ARM.ActiveCfg = Debug|ARM
		{3613E153-0D61-4FF5-8E4F-5C3809572E20}.Debug|ARM.Build.0 = Debug|ARM
		{3613E153-0D61-4FF5-8E4F-5C3809572E20}.Debug|x86.ActiveCfg = Debug|x86
		{3613E153-0D61-4FF5-8E4F-5C3809572E20}.Debug|x86.Build.0 = Debug|x86
		{3613E153-0D61-4FF5-8E4F-5C3809572E20}.Release|Any CPU.ActiveCfg = Release|Any CPU
		{3613E153-0D61-4FF5-8E4F-5C3809572E20}.Release|Any CPU.Build.0 = Release|Any CPU
		{3613E153-0D61-4FF5-8E4F-5C3809572E20}.Release|ARM.ActiveCfg = Release|ARM
		{3613E153-0D61-4FF5-8E4F-5C3809572E20}.Release|ARM.Build.0 = Release|ARM
		{3613E153-0D61-4FF5-8E4F-5C3809572E20}.Release|x86.ActiveCfg = Release|x86
		{3613E153-0D61-4FF5-8E4F-5C3809572E20}.Release|x86.Build.0 = Release|x86
	EndGlobalSection
	GlobalSection(SolutionProperties) = preSolution
		HideSolutionNode = FALSE
	EndGlobalSection
EndGlobal
